
Microsoft Visual Studio Solution File, Format Version 12.00
# Visual Studio Version 17
VisualStudioVersion = 17.9.34607.119
MinimumVisualStudioVersion = 10.0.40219.1
Project("{FAE04EC0-301F-11D3-BF4B-00C04F79EFBC}") = "Tarea POO", "Tarea POO\Tarea POO.csproj", "{5B030798-5E7D-4581-9487-844E8A6986E6}"
EndProject
Global
	GlobalSection(SolutionConfigurationPlatforms) = preSolution
		Debug|Any CPU = Debug|Any CPU
		Release|Any CPU = Release|Any CPU
	EndGlobalSection
	GlobalSection(ProjectConfigurationPlatforms) = postSolution
		{5B030798-5E7D-4581-9487-844E8A6986E6}.Debug|Any CPU.ActiveCfg = Debug|Any CPU
		{5B030798-5E7D-4581-9487-844E8A6986E6}.Debug|Any CPU.Build.0 = Debug|Any CPU
		{5B030798-5E7D-4581-9487-844E8A6986E6}.Release|Any CPU.ActiveCfg = Release|Any CPU
		{5B030798-5E7D-4581-9487-844E8A6986E6}.Release|Any CPU.Build.0 = Release|Any CPU
	EndGlobalSection
	GlobalSection(SolutionProperties) = preSolution
		HideSolutionNode = FALSE
	EndGlobalSection
	GlobalSection(ExtensibilityGlobals) = postSolution
		SolutionGuid = {7EEADF8C-F237-4EA8-84CA-4A8B8BC8CB91}
	EndGlobalSection
EndGlobal
